
Microsoft Visual Studio Solution File, Format Version 12.00
# Visual Studio 15
VisualStudioVersion = 15.0.27703.2026
MinimumVisualStudioVersion = 10.0.40219.1
Project("{FAE04EC0-301F-11D3-BF4B-00C04F79EFBC}") = "FileBackup", "FileBackup\FileBackup.csproj", "{F5322BA3-EFB1-4BF3-B461-CB74C7A49DD1}"
EndProject
Project("{FAE04EC0-301F-11D3-BF4B-00C04F79EFBC}") = "FileGenerator", "FileGenerator\FileGenerator.csproj", "{F7F04511-390D-40BF-8363-ECB2EAA427D9}"
EndProject
Global
	GlobalSection(SolutionConfigurationPlatforms) = preSolution
		Debug|Any CPU = Debug|Any CPU
		Release|Any CPU = Release|Any CPU
	EndGlobalSection
	GlobalSection(ProjectConfigurationPlatforms) = postSolution
		{F5322BA3-EFB1-4BF3-B461-CB74C7A49DD1}.Debug|Any CPU.ActiveCfg = Debug|Any CPU
		{F5322BA3-EFB1-4BF3-B461-CB74C7A49DD1}.Debug|Any CPU.Build.0 = Debug|Any CPU
		{F5322BA3-EFB1-4BF3-B461-CB74C7A49DD1}.Release|Any CPU.ActiveCfg = Release|Any CPU
		{F5322BA3-EFB1-4BF3-B461-CB74C7A49DD1}.Release|Any CPU.Build.0 = Release|Any CPU
		{F7F04511-390D-40BF-8363-ECB2EAA427D9}.Debug|Any CPU.ActiveCfg = Debug|Any CPU
		{F7F04511-390D-40BF-8363-ECB2EAA427D9}.Debug|Any CPU.Build.0 = Debug|Any CPU
		{F7F04511-390D-40BF-8363-ECB2EAA427D9}.Release|Any CPU.ActiveCfg = Release|Any CPU
		{F7F04511-390D-40BF-8363-ECB2EAA427D9}.Release|Any CPU.Build.0 = Release|Any CPU
	EndGlobalSection
	GlobalSection(SolutionProperties) = preSolution
		HideSolutionNode = FALSE
	EndGlobalSection
	GlobalSection(ExtensibilityGlobals) = postSolution
		SolutionGuid = {D06AF2C6-FA43-4667-AC84-D18B15468111}
	EndGlobalSection
EndGlobal
